
Microsoft Visual Studio Solution File, Format Version 12.00
# Visual Studio Version 17
VisualStudioVersion = 17.9.34723.18
MinimumVisualStudioVersion = 10.0.40219.1
Project("{FAE04EC0-301F-11D3-BF4B-00C04F79EFBC}") = "TicTacTo", "TicTacTo\TicTacTo.csproj", "{47283FCF-EF30-4FF1-8CB8-9739B0C79E7E}"
EndProject
Global
	GlobalSection(SolutionConfigurationPlatforms) = preSolution
		Debug|Any CPU = Debug|Any CPU
		Release|Any CPU = Release|Any CPU
	EndGlobalSection
	GlobalSection(ProjectConfigurationPlatforms) = postSolution
		{47283FCF-EF30-4FF1-8CB8-9739B0C79E7E}.Debug|Any CPU.ActiveCfg = Debug|Any CPU
		{47283FCF-EF30-4FF1-8CB8-9739B0C79E7E}.Debug|Any CPU.Build.0 = Debug|Any CPU
		{47283FCF-EF30-4FF1-8CB8-9739B0C79E7E}.Release|Any CPU.ActiveCfg = Release|Any CPU
		{47283FCF-EF30-4FF1-8CB8-9739B0C79E7E}.Release|Any CPU.Build.0 = Release|Any CPU
	EndGlobalSection
	GlobalSection(SolutionProperties) = preSolution
		HideSolutionNode = FALSE
	EndGlobalSection
	GlobalSection(ExtensibilityGlobals) = postSolution
		SolutionGuid = {DAC940FC-E9CC-48F9-B3A0-A5B183581503}
	EndGlobalSection
EndGlobal
